
Microsoft Visual Studio Solution File, Format Version 12.00
Project("{FAE04EC0-301F-11D3-BF4B-00C04F79EFBC}") = "GintareTestSuite", "GintareTestSuite\GintareTestSuite.csproj", "{C932A6CB-5451-441D-98D2-E08863AED370}"
EndProject
Global
	GlobalSection(SolutionConfigurationPlatforms) = preSolution
		Debug|Any CPU = Debug|Any CPU
		Release|Any CPU = Release|Any CPU
	EndGlobalSection
	GlobalSection(ProjectConfigurationPlatforms) = postSolution
		{C932A6CB-5451-441D-98D2-E08863AED370}.Debug|Any CPU.ActiveCfg = Debug|Any CPU
		{C932A6CB-5451-441D-98D2-E08863AED370}.Debug|Any CPU.Build.0 = Debug|Any CPU
		{C932A6CB-5451-441D-98D2-E08863AED370}.Release|Any CPU.ActiveCfg = Release|Any CPU
		{C932A6CB-5451-441D-98D2-E08863AED370}.Release|Any CPU.Build.0 = Release|Any CPU
	EndGlobalSection
EndGlobal
